
Microsoft Visual Studio Solution File, Format Version 12.00
# Visual Studio Version 17
VisualStudioVersion = 17.8.34330.188
MinimumVisualStudioVersion = 10.0.40219.1
Project("{9A19103F-16F7-4668-BE54-9A1E7A4F7556}") = "ExaminationSystemOOP", "ExaminationSystemOOP.csproj", "{68BAE42C-7917-42DE-AC2B-0A3A94D33DB0}"
EndProject
Global
	GlobalSection(SolutionConfigurationPlatforms) = preSolution
		Debug|Any CPU = Debug|Any CPU
		Release|Any CPU = Release|Any CPU
	EndGlobalSection
	GlobalSection(ProjectConfigurationPlatforms) = postSolution
		{68BAE42C-7917-42DE-AC2B-0A3A94D33DB0}.Debug|Any CPU.ActiveCfg = Debug|Any CPU
		{68BAE42C-7917-42DE-AC2B-0A3A94D33DB0}.Debug|Any CPU.Build.0 = Debug|Any CPU
		{68BAE42C-7917-42DE-AC2B-0A3A94D33DB0}.Release|Any CPU.ActiveCfg = Release|Any CPU
		{68BAE42C-7917-42DE-AC2B-0A3A94D33DB0}.Release|Any CPU.Build.0 = Release|Any CPU
	EndGlobalSection
	GlobalSection(SolutionProperties) = preSolution
		HideSolutionNode = FALSE
	EndGlobalSection
	GlobalSection(ExtensibilityGlobals) = postSolution
		SolutionGuid = {826B5BA7-90B1-4450-B781-1814282A8C70}
	EndGlobalSection
EndGlobal
